lockfileVersion: '9.0'

settings:
  autoInstallPeers: true
  excludeLinksFromLockfile: false

importers:

  .:
    devDependencies:
      '@changesets/cli':
        specifier: 3.0.0-next.8
        version: 3.0.0-next.8
      changesets-format-with-issue-links:
        specifier: file:.yalc/changesets-format-with-issue-links
        version: file:.yalc/changesets-format-with-issue-links(@changesets/cli@3.0.0-next.8)
      rimraf:
        specifier: 6.1.3
        version: 6.1.3
      typescript:
        specifier: 6.0.3
        version: 6.0.3

packages:

  '@changesets/apply-release-plan@8.0.0-next.7':
    resolution: {integrity: sha512-gHXYyBf0+jri/wjA8TYrcyo7HEnN9QAFpU9+1ZWiDMjov7x3cG72r4NQC0T0hTUW+I1bayMFm95EGOvNtLxTSg==}
    engines: {node: ^22.11 || ^24 || >=26}

  '@changesets/assemble-release-plan@7.0.0-next.7':
    resolution: {integrity: sha512-rUYmk2z5665bkLU+/gReGTdmqSYyFmo7ZgWvpc7ny3OXuEvWdOBz+1egvBXwAG4nYaRq8yIG9aKWIG0Dc18gIg==}
    engines: {node: ^22.11 || ^24 || >=26}

  '@changesets/changelog-git@1.0.0-next.6':
    resolution: {integrity: sha512-z+uAi+BhOUJSBlQj2o5n3oFwhCkHQBk+P1JrFFRvA5fv6pDRAZpugQYbXR7dIQZ5Dn4ndG9cidIKb2o/lGs2wQ==}
    engines: {node: ^22.11 || ^24 || >=26}

  '@changesets/cli@3.0.0-next.8':
    resolution: {integrity: sha512-gfIPhBs1XNdgXhTJ+uhzfG8jHmMLnQNNL4Uwqxoniw/xmmVRbc9xGIeLniRsGY77RgdhWW0V1z1zVjTztgMQzQ==}
    engines: {node: ^22.11 || ^24 || >=26, npm: '>=10.9.0', pnpm: '>=10.0.0', yarn: '>=4.5.2'}
    hasBin: true

  '@changesets/config@4.0.0-next.6':
    resolution: {integrity: sha512-RTaumXzBthBvXE5axcAdCbSlUQ3l8l8FD1nNQpVXLCK/4Mg+/96BmNhX5Y/Yf80XE7eG+Mfl797Au5HHqPB/2A==}
    engines: {node: ^22.11 || ^24 || >=26}

  '@changesets/errors@1.0.0-next.3':
    resolution: {integrity: sha512-p0JrarlyfkpnIK9L1Y8JKoF78IgKEzRPVbG/13gToDpvfV1cWqOVuoDLVCTQjYTwmaHusOmrnuQUlsO88AvP4Q==}
    engines: {node: ^22.11 || ^24 || >=26}

  '@changesets/format@0.1.0':
    resolution: {integrity: sha512-m3ScsTpVqQJu6WOV36vpGozJPBu5JWaFXAhG1/yRnzbOnyqomuPrIfm+LeE0PmX4HWPs9Fh4MDH4aDISEsjZaA==}
    engines: {node: ^22.11 || ^24 || >=26}

  '@changesets/get-dependents-graph@3.0.0-next.6':
    resolution: {integrity: sha512-UhQpHeyygd6uhoBZKLpwYNVqqxp6/QChwh9Phbo9BE3pTxu5e2X2JWZhNtlxkxUdWAGEq0sYExmhjDyYhBD1Xw==}
    engines: {node: ^22.11 || ^24 || >=26}

  '@changesets/git@4.0.0-next.6':
    resolution: {integrity: sha512-dNFHMQ4uER7Mo49iPKPee4ITUrCaJs6wya+ZfPo2kNzhMmbyv8WE9QuEf8BITBW+lJo5uos8gqUVnjJoerzjbA==}
    engines: {node: ^22.11 || ^24 || >=26}

  '@changesets/parse@1.0.0-next.7':
    resolution: {integrity: sha512-6xtwi4SUYbSVTtsnlNdGnXQPQfdwaqV6PVnDcpV+PtQRM4RhfE4gAwrBe9Cth9+4iHyFbvzm+Gusc00XSNF/IQ==}
    engines: {node: ^22.11 || ^24 || >=26}

  '@changesets/pre@3.0.0-next.6':
    resolution: {integrity: sha512-XVZ4JE4UE1bO1JtxxoBkoueHlzWNe227IpfJGlpiD7ZTfdidlRh+4tHxf452IcGMA3rEe3hWPhFE0tdL3uU2lA==}
    engines: {node: ^22.11 || ^24 || >=26}

  '@changesets/read@1.0.0-next.7':
    resolution: {integrity: sha512-eoy5Yf9WDN7opiQyNWZCCpeDeYf5mX/qT/MUktDnk2jBmwRUHLvIkTNK+IsR612etTcfO5kLlRNVcBv4smk87A==}
    engines: {node: ^22.11 || ^24 || >=26}

  '@changesets/should-skip-package@1.0.0-next.6':
    resolution: {integrity: sha512-2y4+DMh7gMMEQaGwKwJMY7cixmJrK7u7rSZQ9t5O+xwqty9qXhO9EKbIeMDlt13A1Bdxuiu7ptkMKC+AoOO28Q==}
    engines: {node: ^22.11 || ^24 || >=26}

  '@changesets/types@7.0.0-next.6':
    resolution: {integrity: sha512-bdxuVLYKrCt14kNFb+ltta8pOPFmQWB0DpMcz9IWMD+DRupQ4+wZyCkXIkfIoqu3iN0fcQkSuoZ2tNOfV+fepg==}
    engines: {node: ^22.11 || ^24 || >=26}

  '@changesets/write@1.0.0-next.6':
    resolution: {integrity: sha512-GhtCqRxadKGe2wkMxpX0PqeWgn3vBr7JELJRakKv7zit8EX+La9/a9dosaP98vWisOCyDm1kuO8bUAq2ljRyVw==}
    engines: {node: ^22.11 || ^24 || >=26}

  '@clack/core@1.4.2':
    resolution: {integrity: sha512-0Ty/1Gfm+Kb07sXcuESjyKfwEhSy4Ns1AgeEisHb/bDY5fWme0tTeTkU14T1Gmcs17YIjB/teiDe4uaCghbYqQ==}
    engines: {node: '>= 20.12.0'}

  '@clack/prompts@1.6.0':
    resolution: {integrity: sha512-EYlRokl8szrP9Z25qT5aepMdBjzBvHF9ZEhzIiUBc9guz/T31EqRgvD0QSgZcpE93xiwrr+OkB4nz0BZyF6fSA==}
    engines: {node: '>= 20.12.0'}

  '@manypkg/find-root@3.1.0':
    resolution: {integrity: sha512-BcSqCyKhBVZ5YkSzOiheMCV41kqAFptW6xGqYSTjkVTl9XQpr+pqHhwgGCOHQtjDCv7Is6EFyA14Sm5GVbVABA==}
    engines: {node: '>=20.0.0'}

  '@manypkg/get-packages@3.1.0':
    resolution: {integrity: sha512-0TbBVyvPrP7xGYBI/cP8UP+yl/z+HtbTttAD7FMAJgn/kXOTwh5/60TsqP9ZYY710forNfyV0N8P/IE/ujGZJg==}
    engines: {node: '>=20.0.0'}

  '@manypkg/tools@2.1.2':
    resolution: {integrity: sha512-6QEf6yqFbETdwGITKq57aYoPfX/3K8XFNwsAlx0C1M7o8cb79sv1M3w+tWuWvIcSbNqrLF7OD7YpZMVVz335hQ==}
    engines: {node: '>=20.0.0'}

  '@pnpm/deps.graph-sequencer@1100.0.0':
    resolution: {integrity: sha512-IfhLdXMjNaAt2Z/r0hAqMvH4UN/Eb6LAbnSHqF9Ay1EhQId8rFX58yIWXLUit6VjJTJAptnSPtO8nSu2/ggQsg==}
    engines: {node: '>=22.13'}

  balanced-match@4.0.4:
    resolution: {integrity: sha512-BLrgEcRTwX2o6gGxGOCNyMvGSp35YofuYzw9h1IMTRmKqttAZZVU67bdb9Pr2vUHA8+j3i2tJfjO6C6+4myGTA==}
    engines: {node: 18 || 20 || >=22}

  brace-expansion@5.0.7:
    resolution: {integrity: sha512-7oFy703dxfY3/NLxC1fh2SUCQ0H9rmAY+5EpDVfXjUTTs+HEwR2nYaqLv+GWcTsumwxPfiz6CzCNkwXwBUwqCA==}
    engines: {node: 18 || 20 || >=22}

  cac@7.0.0:
    resolution: {integrity: sha512-tixWYgm5ZoOD+3g6UTea91eow5z6AAHaho3g0V9CNSNb45gM8SmflpAc+GRd1InC4AqN/07Unrgp56Y94N9hJQ==}
    engines: {node: '>=20.19.0'}

  changesets-format-with-issue-links@file:.yalc/changesets-format-with-issue-links:
    resolution: {directory: .yalc/changesets-format-with-issue-links, type: directory}
    peerDependencies:
      '@changesets/cli': ^2.0.0

  debug@4.4.3:
    resolution: {integrity: sha512-RGwwWnwQvkVfavKVt22FGLw+xYSdzARwm0ru6DhTVA3umU5hZc28V3kO4stgYryrTlLpuvgI9GiijltAjNbcqA==}
    engines: {node: '>=6.0'}
    peerDependencies:
      supports-color: '*'
    peerDependenciesMeta:
      supports-color:
        optional: true

  fast-string-truncated-width@3.0.3:
    resolution: {integrity: sha512-0jjjIEL6+0jag3l2XWWizO64/aZVtpiGE3t0Zgqxv0DPuxiMjvB3M24fCyhZUO4KomJQPj3LTSUnDP3GpdwC0g==}

  fast-string-width@3.0.2:
    resolution: {integrity: sha512-gX8LrtNEI5hq8DVUfRQMbr5lpaS4nMIWV+7XEbXk2b8kiQIizgnlr12B4dA3ZEx3308ze0O4Q1R+cHts8kyUJg==}

  fast-wrap-ansi@0.2.2:
    resolution: {integrity: sha512-7F2Fl+TjRSenLqlU3UjSH0iyqopqoZIu7eZVpEirP2g1GtWa2G/ecEmBdgz31+Mxr+ELclgg6sokpSFIQiZ02Q==}

  fdir@6.5.0:
    resolution: {integrity: sha512-tIbYtZbucOs0BRGqPJkshJUYdL+SDH7dVM8gjy+ERp3WAUjLEFJE+02kanyHtwjWOnwrKYBiwAmM0p4kLJAnXg==}
    engines: {node: '>=12.0.0'}
    peerDependencies:
      picomatch: ^3 || ^4
    peerDependenciesMeta:
      picomatch:
        optional: true

  gitlog@5.1.0:
    resolution: {integrity: sha512-spyAYX1jeLGvK6mplNvlxb7zETa1DJTL7KKe9c8rwk6Tfmbju0cAk9VZuZx5xe4CkL3q/JkFHgP3eou/aV/31w==}
    engines: {node: '>= 20.x'}

  glob@13.0.6:
    resolution: {integrity: sha512-Wjlyrolmm8uDpm/ogGyXZXb1Z+Ca2B8NbJwqBVg0axK9GbBeoS7yGV6vjXnYdGm6X53iehEuxxbyiKp8QmN4Vw==}
    engines: {node: 18 || 20 || >=22}

  human-id@4.2.0:
    resolution: {integrity: sha512-K3GbkIWqyvvlpfhBPlbEvD97TtqBpAYA4kt+cn2lD2x2HuohzZCibcA2nOlnJT6exqvJLggoB5nv2dNf192nEA==}
    hasBin: true

  import-meta-resolve@4.2.0:
    resolution: {integrity: sha512-Iqv2fzaTQN28s/FwZAoFq0ZSs/7hMAHJVX+w8PZl3cY19Pxk6jFFalxQoIfW2826i/fDLXv8IiEZRIT0lDuWcg==}

  jju@1.4.0:
    resolution: {integrity: sha512-8wb9Yw966OSxApiCt0K3yNJL8pnNeIv+OEq2YMidz4FKP6nonSRoOXc80iXY4JaN2FC11B9qsNmDsm+ZOfMROA==}

  jsonc-parser@3.3.1:
    resolution: {integrity: sha512-HUgH65KyejrUFPvHFPbqOY0rsFip3Bo5wb4ngvdi1EpCYWUQDC5V+Y7mZws+DLkr4M//zQJoanu1SP+87Dv1oQ==}

  launch-editor@2.14.1:
    resolution: {integrity: sha512-QWBrQsMpH7gPr965dsKD/3cKWiNoTjpATQf++Xq63N6sKRGMwlVXz41O1IZTMfZQgBctD/K5Zt06+/I6pP6+HA==}

  lodash-es@4.18.1:
    resolution: {integrity: sha512-J8xewKD/Gk22OZbhpOVSwcs60zhd95ESDwezOFuA3/099925PdHJ7OFHNTGtajL3AlZkykD32HykiMo+BIBI8A==}

  lru-cache@11.5.1:
    resolution: {integrity: sha512-RPimw/7aMdv2oqRrxKwvZXcPfwBrn/JZ2xYcY9Hus/6LaS3VOAKVWKWgNLCFSiOm1ESXinjsDlidVU7JlnCN2A==}
    engines: {node: 20 || >=22}

  minimatch@10.2.5:
    resolution: {integrity: sha512-MULkVLfKGYDFYejP07QOurDLLQpcjk7Fw+7jXS2R2czRQzR56yHRveU5NDJEOviH+hETZKSkIk5c+T23GjFUMg==}
    engines: {node: 18 || 20 || >=22}

  minipass@7.1.3:
    resolution: {integrity: sha512-tEBHqDnIoM/1rXME1zgka9g6Q2lcoCkxHLuc7ODJ5BxbP5d4c2Z5cGgtXAku59200Cx7diuHTOYfSBD8n6mm8A==}
    engines: {node: '>=16 || 14 >=14.17'}

  ms@2.1.3:
    resolution: {integrity: sha512-6FlzubTLZG3J2a/NVCAleEhjzq5oxgHyaCU9yYXvcLsvoVaHJq/s5xXI6/XXP6tz7R9xAOtHnSO/tXtF3WRTlA==}

  package-json-from-dist@1.0.1:
    resolution: {integrity: sha512-UEZIS3/by4OC8vL3P2dTXRETpebLI2NiI5vIrjaD/5UtrkFX/tNbwjTSRAGC/+7CAo2pIcBaRgWmcBBHcsaCIw==}

  package-manager-detector@1.7.0:
    resolution: {integrity: sha512-xg1eHpwYL/D/HEdWw2goFZP6vV0FH7W+PZ5rFkGjdIDLtxq7EkzBUeT3m+lndYCt8wKbmofUu1MUdMCXkCk9ZQ==}

  path-scurry@2.0.2:
    resolution: {integrity: sha512-3O/iVVsJAPsOnpwWIeD+d6z/7PmqApyQePUtCndjatj/9I5LylHvt5qluFaBT3I5h3r1ejfR056c+FCv+NnNXg==}
    engines: {node: 18 || 20 || >=22}

  picocolors@1.1.1:
    resolution: {integrity: sha512-xceH2snhtb5M9liqDsmEw56le376mTZkEX/jEb/RxNFyegNul7eNslCXP9FDj/Lcu0X8KEyMceP2ntpaHrDEVA==}

  picomatch@4.0.4:
    resolution: {integrity: sha512-QP88BAKvMam/3NxH6vj2o21R6MjxZUAd6nlwAS/pnGvN9IVLocLHxGYIzFhg6fUQ+5th6P4dv4eW9jX3DSIj7A==}
    engines: {node: '>=12'}

  rimraf@6.1.3:
    resolution: {integrity: sha512-LKg+Cr2ZF61fkcaK1UdkH2yEBBKnYjTyWzTJT6KNPcSPaiT7HSdhtMXQuN5wkTX0Xu72KQ1l8S42rlmexS2hSA==}
    engines: {node: 20 || >=22}
    hasBin: true

  semver@7.8.5:
    resolution: {integrity: sha512-Y7/KDsb8LjooZpwaqGyulO6DQlksgCncchHGk+sZIY4SBvUocMBEFH5Ur1fI4dV+Jvl0w6cjvucaIi40puRioA==}
    engines: {node: '>=10'}
    hasBin: true

  shell-quote@1.9.0:
    resolution: {integrity: sha512-Iov+JwFv/2HcTpcwNMKd8+IWNb8tboQJNQTkAY/LLVK7gGH9jy+LGkVqPxfekHl+yMmiqXszdGWXgkfml7hjqA==}
    engines: {node: '>= 0.4'}

  sisteransi@1.0.5:
    resolution: {integrity: sha512-bLGGlR1QxBcynn2d5YmDX4MGjlZvy2MRBDRNHLJ8VI6l6+9FUiyTFNJ0IveOSP0bcXgVDPRcfGqA0pjaqUpfVg==}

  tinyexec@1.2.4:
    resolution: {integrity: sha512-SHf/r48b7vOrjve9PxJo3MN5v5yuyjHvdUcrQffT3WXMUfnGmHDVbC4k3sHJaJTgZCwpUplIaAo5ANtMyp3YHg==}
    engines: {node: '>=18'}

  tinyglobby@0.2.17:
    resolution: {integrity: sha512-wXR/dYpcqKmfWpEdZjiKJOwCNFndD0DMnrW/cYjVGttEkBfVgcLFHoNrlj47mjOVic9yyNu65alsgF4NQyTa2g==}
    engines: {node: '>=12.0.0'}

  typescript@6.0.3:
    resolution: {integrity: sha512-y2TvuxSZPDyQakkFRPZHKFm+KKVqIisdg9/CZwm9ftvKXLP8NRWj38/ODjNbr43SsoXqNuAisEf1GdCxqWcdBw==}
    engines: {node: '>=14.17'}
    hasBin: true

  yaml@2.9.0:
    resolution: {integrity: sha512-2AvhNX3mb8zd6Zy7INTtSpl1F15HW6Wnqj0srWlkKLcpYl/gMIMJiyuGq2KeI2YFxUPjdlB+3Lc10seMLtL4cA==}
    engines: {node: '>= 14.6'}
    hasBin: true

snapshots:

  '@changesets/apply-release-plan@8.0.0-next.7':
    dependencies:
      '@changesets/config': 4.0.0-next.6
      '@changesets/format': 0.1.0
      '@changesets/git': 4.0.0-next.6
      '@changesets/should-skip-package': 1.0.0-next.6
      '@changesets/types': 7.0.0-next.6
      import-meta-resolve: 4.2.0
      jsonc-parser: 3.3.1
      semver: 7.8.5

  '@changesets/assemble-release-plan@7.0.0-next.7':
    dependencies:
      '@changesets/errors': 1.0.0-next.3
      '@changesets/get-dependents-graph': 3.0.0-next.6
      '@changesets/should-skip-package': 1.0.0-next.6
      '@changesets/types': 7.0.0-next.6
      semver: 7.8.5

  '@changesets/changelog-git@1.0.0-next.6':
    dependencies:
      '@changesets/types': 7.0.0-next.6

  '@changesets/cli@3.0.0-next.8':
    dependencies:
      '@changesets/apply-release-plan': 8.0.0-next.7
      '@changesets/assemble-release-plan': 7.0.0-next.7
      '@changesets/changelog-git': 1.0.0-next.6
      '@changesets/config': 4.0.0-next.6
      '@changesets/errors': 1.0.0-next.3
      '@changesets/get-dependents-graph': 3.0.0-next.6
      '@changesets/git': 4.0.0-next.6
      '@changesets/pre': 3.0.0-next.6
      '@changesets/read': 1.0.0-next.7
      '@changesets/should-skip-package': 1.0.0-next.6
      '@changesets/types': 7.0.0-next.6
      '@changesets/write': 1.0.0-next.6
      '@clack/prompts': 1.6.0
      '@manypkg/get-packages': 3.1.0
      '@pnpm/deps.graph-sequencer': 1100.0.0
      cac: 7.0.0
      import-meta-resolve: 4.2.0
      launch-editor: 2.14.1
      semver: 7.8.5
      tinyexec: 1.2.4

  '@changesets/config@4.0.0-next.6':
    dependencies:
      '@changesets/get-dependents-graph': 3.0.0-next.6
      '@changesets/should-skip-package': 1.0.0-next.6
      '@changesets/types': 7.0.0-next.6
      '@manypkg/get-packages': 3.1.0
      picomatch: 4.0.4

  '@changesets/errors@1.0.0-next.3': {}

  '@changesets/format@0.1.0':
    dependencies:
      package-manager-detector: 1.7.0

  '@changesets/get-dependents-graph@3.0.0-next.6':
    dependencies:
      '@changesets/types': 7.0.0-next.6
      semver: 7.8.5

  '@changesets/git@4.0.0-next.6':
    dependencies:
      '@changesets/errors': 1.0.0-next.3
      '@changesets/types': 7.0.0-next.6
      '@manypkg/get-packages': 3.1.0
      picomatch: 4.0.4
      tinyexec: 1.2.4

  '@changesets/parse@1.0.0-next.7':
    dependencies:
      '@changesets/types': 7.0.0-next.6
      yaml: 2.9.0

  '@changesets/pre@3.0.0-next.6':
    dependencies:
      '@changesets/errors': 1.0.0-next.3
      '@changesets/types': 7.0.0-next.6
      '@manypkg/get-packages': 3.1.0

  '@changesets/read@1.0.0-next.7':
    dependencies:
      '@changesets/git': 4.0.0-next.6
      '@changesets/parse': 1.0.0-next.7
      '@changesets/types': 7.0.0-next.6

  '@changesets/should-skip-package@1.0.0-next.6':
    dependencies:
      '@changesets/types': 7.0.0-next.6

  '@changesets/types@7.0.0-next.6': {}

  '@changesets/write@1.0.0-next.6':
    dependencies:
      '@changesets/format': 0.1.0
      '@changesets/types': 7.0.0-next.6
      human-id: 4.2.0

  '@clack/core@1.4.2':
    dependencies:
      fast-wrap-ansi: 0.2.2
      sisteransi: 1.0.5

  '@clack/prompts@1.6.0':
    dependencies:
      '@clack/core': 1.4.2
      fast-string-width: 3.0.2
      fast-wrap-ansi: 0.2.2
      sisteransi: 1.0.5

  '@manypkg/find-root@3.1.0':
    dependencies:
      '@manypkg/tools': 2.1.2

  '@manypkg/get-packages@3.1.0':
    dependencies:
      '@manypkg/find-root': 3.1.0
      '@manypkg/tools': 2.1.2

  '@manypkg/tools@2.1.2':
    dependencies:
      jju: 1.4.0
      tinyglobby: 0.2.17
      yaml: 2.9.0

  '@pnpm/deps.graph-sequencer@1100.0.0': {}

  balanced-match@4.0.4: {}

  brace-expansion@5.0.7:
    dependencies:
      balanced-match: 4.0.4

  cac@7.0.0: {}

  changesets-format-with-issue-links@file:.yalc/changesets-format-with-issue-links(@changesets/cli@3.0.0-next.8):
    dependencies:
      '@changesets/cli': 3.0.0-next.8
      gitlog: 5.1.0
      lodash-es: 4.18.1
    transitivePeerDependencies:
      - supports-color

  debug@4.4.3:
    dependencies:
      ms: 2.1.3

  fast-string-truncated-width@3.0.3: {}

  fast-string-width@3.0.2:
    dependencies:
      fast-string-truncated-width: 3.0.3

  fast-wrap-ansi@0.2.2:
    dependencies:
      fast-string-width: 3.0.2

  fdir@6.5.0(picomatch@4.0.4):
    optionalDependencies:
      picomatch: 4.0.4

  gitlog@5.1.0:
    dependencies:
      debug: 4.4.3
    transitivePeerDependencies:
      - supports-color

  glob@13.0.6:
    dependencies:
      minimatch: 10.2.5
      minipass: 7.1.3
      path-scurry: 2.0.2

  human-id@4.2.0: {}

  import-meta-resolve@4.2.0: {}

  jju@1.4.0: {}

  jsonc-parser@3.3.1: {}

  launch-editor@2.14.1:
    dependencies:
      picocolors: 1.1.1
      shell-quote: 1.9.0

  lodash-es@4.18.1: {}

  lru-cache@11.5.1: {}

  minimatch@10.2.5:
    dependencies:
      brace-expansion: 5.0.7

  minipass@7.1.3: {}

  ms@2.1.3: {}

  package-json-from-dist@1.0.1: {}

  package-manager-detector@1.7.0: {}

  path-scurry@2.0.2:
    dependencies:
      lru-cache: 11.5.1
      minipass: 7.1.3

  picocolors@1.1.1: {}

  picomatch@4.0.4: {}

  rimraf@6.1.3:
    dependencies:
      glob: 13.0.6
      package-json-from-dist: 1.0.1

  semver@7.8.5: {}

  shell-quote@1.9.0: {}

  sisteransi@1.0.5: {}

  tinyexec@1.2.4: {}

  tinyglobby@0.2.17:
    dependencies:
      fdir: 6.5.0(picomatch@4.0.4)
      picomatch: 4.0.4

  typescript@6.0.3: {}

  yaml@2.9.0: {}
